{
  "lockfileVersion": 1,
  "configVersion": 0,
  "workspaces": {
    "": {
      "name": "context-compressor",
      "devDependencies": {
        "bun-types": "^1.3.10",
        "typescript": "^5.9.3",
      },
      "optionalDependencies": {
        "compromise": "^14.14.4",
        "gpt-tokenizer": "^2.1.2",
      },
    },
  },
  "packages": {
    "@types/node": ["@types/node@25.5.0", "", { "dependencies": { "undici-types": "~7.18.0" } }, "sha512-jp2P3tQMSxWugkCUKLRPVUpGaL5MVFwF8RDuSRztfwgN1wmqJeMSbKlnEtQqU8UrhTmzEmZdu2I6v2dpp7XIxw=="],

    "bun-types": ["bun-types@1.3.10", "", { "dependencies": { "@types/node": "*" } }, "sha512-tcpfCCl6XWo6nCVnpcVrxQ+9AYN1iqMIzgrSKYMB/fjLtV2eyAVEg7AxQJuCq/26R6HpKWykQXuSOq/21RYcbg=="],

    "compromise": ["compromise@14.15.0", "", { "dependencies": { "efrt": "2.7.0", "grad-school": "0.0.5", "suffix-thumb": "5.0.2" } }, "sha512-YEMv5JGWyqRJw5hdZqDVQF3MMlHA6TRiXreR8IYffk6xB7GA5p/8DeDzvg0Jy2tHNGpD+qJGl0+oJwA+5R/sVA=="],

    "efrt": ["efrt@2.7.0", "", {}, "sha512-/RInbCy1d4P6Zdfa+TMVsf/ufZVotat5hCw3QXmWtjU+3pFEOvOQ7ibo3aIxyCJw2leIeAMjmPj+1SLJiCpdrQ=="],

    "gpt-tokenizer": ["gpt-tokenizer@2.9.0", "", {}, "sha512-YSpexBL/k4bfliAzMrRqn3M6+it02LutVyhVpDeMKrC/O9+pCe/5s8U2hYKa2vFLD5/vHhsKc8sOn/qGqII8Kg=="],

    "grad-school": ["grad-school@0.0.5", "", {}, "sha512-rXunEHF9M9EkMydTBux7+IryYXEZinRk6g8OBOGDBzo/qWJjhTxy86i5q7lQYpCLHN8Sqv1XX3OIOc7ka2gtvQ=="],

    "suffix-thumb": ["suffix-thumb@5.0.2", "", {}, "sha512-I5PWXAFKx3FYnI9a+dQMWNqTxoRt6vdBdb0O+BJ1sxXCWtSoQCusc13E58f+9p4MYx/qCnEMkD5jac6K2j3dgA=="],

    "typescript": ["typescript@5.9.3", "", { "bin": { "tsc": "bin/tsc", "tsserver": "bin/tsserver" } }, "sha512-jl1vZzPDinLr9eUt3J/t7V6FgNEw9QjvBPdysz9KfQDD41fQrC2Y4vKQdiaUpFT4bXlb1RHhLpp8wtm6M5TgSw=="],

    "undici-types": ["undici-types@7.18.2", "", {}, "sha512-AsuCzffGHJybSaRrmr5eHr81mwJU3kjw6M+uprWvCXiNeN9SOGwQ3Jn8jb8m3Z6izVgknn1R0FTCEAP2QrLY/w=="],
  }
}
